// !$*UTF8*$!
{
	archiveVersion = 1;
	classes = {
	};
	objectVersion = 46;
	objects = {

/* Begin PBXBuildFile section */
		A70469AB1B85A8FC00279B3E /* DeviceTableViewController.swift in Sources */ = {isa = PBXBuildFile; fileRef = A70469AA1B85A8FC00279B3E /* DeviceTableViewController.swift */; };
		A70469AD1B85B42700279B3E /* RBLProtocol.swift in Sources */ = {isa = PBXBuildFile; fileRef = A70469AC1B85B42700279B3E /* RBLProtocol.swift */; };
		A72EF3A41B85783E007ACFCB /* AppDelegate.swift in Sources */ = {isa = PBXBuildFile; fileRef = A72EF3A31B85783E007ACFCB /* AppDelegate.swift */; };
		A72EF3A91B85783E007ACFCB /* Main.storyboard in Resources */ = {isa = PBXBuildFile; fileRef = A72EF3A71B85783E007ACFCB /* Main.storyboard */; };
		A72EF3AB1B85783E007ACFCB /* Assets.xcassets in Resources */ = {isa = PBXBuildFile; fileRef = A72EF3AA1B85783E007ACFCB /* Assets.xcassets */; };
		A72EF3AE1B85783E007ACFCB /* LaunchScreen.storyboard in Resources */ = {isa = PBXBuildFile; fileRef = A72EF3AC1B85783E007ACFCB /* LaunchScreen.storyboard */; };
		A72EF3BB1B85817C007ACFCB /* ScanTableViewController.swift in Sources */ = {isa = PBXBuildFile; fileRef = A72EF3BA1B85817C007ACFCB /* ScanTableViewController.swift */; };
		A72EF3BD1B858C60007ACFCB /* BLE.swift in Sources */ = {isa = PBXBuildFile; fileRef = A72EF3BC1B858C60007ACFCB /* BLE.swift */; };
/* End PBXBuildFile section */

/* Begin PBXFileReference section */
		A70469AA1B85A8FC00279B3E /* DeviceTableViewController.swift */ = {isa = PBXFileReference; fileEncoding = 4; lastKnownFileType = sourcecode.swift; path = DeviceTableViewController.swift; sourceTree = "<group>"; };
		A70469AC1B85B42700279B3E /* RBLProtocol.swift */ = {isa = PBXFileReference; fileEncoding = 4; lastKnownFileType = sourcecode.swift; path = RBLProtocol.swift; sourceTree = "<group>"; };
		A72EF3A01B85783E007ACFCB /* Doors.app */ = {isa = PBXFileReference; explicitFileType = wrapper.application; includeInIndex = 0; path = Doors.app; sourceTree = BUILT_PRODUCTS_DIR; };
		A72EF3A31B85783E007ACFCB /* AppDelegate.swift */ = {isa = PBXFileReference; lastKnownFileType = sourcecode.swift; path = AppDelegate.swift; sourceTree = "<group>"; };
		A72EF3A81B85783E007ACFCB /* Base */ = {isa = PBXFileReference; lastKnownFileType = file.storyboard; name = Base; path = Base.lproj/Main.storyboard; sourceTree = "<group>"; };
		A72EF3AA1B85783E007ACFCB /* Assets.xcassets */ = {isa = PBXFileReference; lastKnownFileType = folder.assetcatalog; path = Assets.xcassets; sourceTree = "<group>"; };
		A72EF3AD1B85783E007ACFCB /* Base */ = {isa = PBXFileReference; lastKnownFileType = file.storyboard; name = Base; path = Base.lproj/LaunchScreen.storyboard; sourceTree = "<group>"; };
		A72EF3AF1B85783E007ACFCB /* Info.plist */ = {isa = PBXFileReference; lastKnownFileType = text.plist.xml; path = Info.plist; sourceTree = "<group>"; };
		A72EF3BA1B85817C007ACFCB /* ScanTableViewController.swift */ = {isa = PBXFileReference; fileEncoding = 4; lastKnownFileType = sourcecode.swift; path = ScanTableViewController.swift; sourceTree = "<group>"; };
		A72EF3BC1B858C60007ACFCB /* BLE.swift */ = {isa = PBXFileReference; fileEncoding = 4; lastKnownFileType = sourcecode.swift; path = BLE.swift; sourceTree = "<group>"; };
/* End PBXFileReference section */

/* Begin PBXFrameworksBuildPhase section */
		A72EF39D1B85783E007ACFCB /* Frameworks */ = {
			isa = PBXFrameworksBuildPhase;
			buildActionMask = 2147483647;
			files = (
			);
			runOnlyForDeploymentPostprocessing = 0;
		};
/* End PBXFrameworksBuildPhase section */

/* Begin PBXGroup section */
		A72EF3971B85783E007ACFCB = {
			isa = PBXGroup;
			children = (
				A72EF3A21B85783E007ACFCB /* Doors */,
				A72EF3A11B85783E007ACFCB /* Products */,
			);
			sourceTree = "<group>";
		};
		A72EF3A11B85783E007ACFCB /* Products */ = {
			isa = PBXGroup;
			children = (
				A72EF3A01B85783E007ACFCB /* Doors.app */,
			);
			name = Products;
			sourceTree = "<group>";
		};
		A72EF3A21B85783E007ACFCB /* Doors */ = {
			isa = PBXGroup;
			children = (
				A70469AC1B85B42700279B3E /* RBLProtocol.swift */,
				A72EF3BC1B858C60007ACFCB /* BLE.swift */,
				A72EF3A31B85783E007ACFCB /* AppDelegate.swift */,
				A70469AA1B85A8FC00279B3E /* DeviceTableViewController.swift */,
				A72EF3BA1B85817C007ACFCB /* ScanTableViewController.swift */,
				A72EF3A71B85783E007ACFCB /* Main.storyboard */,
				A72EF3AA1B85783E007ACFCB /* Assets.xcassets */,
				A72EF3AC1B85783E007ACFCB /* LaunchScreen.storyboard */,
				A72EF3AF1B85783E007ACFCB /* Info.plist */,
			);
			path = Doors;
			sourceTree = "<group>";
		};
/* End PBXGroup section */

/* Begin PBXNativeTarget section */
		A72EF39F1B85783E007ACFCB /* Doors */ = {
			isa = PBXNativeTarget;
			buildConfigurationList = A72EF3B21B85783E007ACFCB /* Build configuration list for PBXNativeTarget "Doors" */;
			buildPhases = (
				A72EF39C1B85783E007ACFCB /* Sources */,
				A72EF39D1B85783E007ACFCB /* Frameworks */,
				A72EF39E1B85783E007ACFCB /* Resources */,
			);
			buildRules = (
			);
			dependencies = (
			);
			name = Doors;
			productName = Doors;
			productReference = A72EF3A01B85783E007ACFCB /* Doors.app */;
			productType = "com.apple.product-type.application";
		};
/* End PBXNativeTarget section */

/* Begin PBXProject section */
		A72EF3981B85783E007ACFCB /* Project object */ = {
			isa = PBXProject;
			attributes = {
				LastUpgradeCheck = 0700;
				ORGANIZATIONNAME = codetalk;
				TargetAttributes = {
					A72EF39F1B85783E007ACFCB = {
						CreatedOnToolsVersion = 7.0;
						DevelopmentTeam = CK3D99WV46;
					};
				};
			};
			buildConfigurationList = A72EF39B1B85783E007ACFCB /* Build configuration list for PBXProject "Doors" */;
			compatibilityVersion = "Xcode 3.2";
			developmentRegion = English;
			hasScannedForEncodings = 0;
			knownRegions = (
				en,
				Base,
			);
			mainGroup = A72EF3971B85783E007ACFCB;
			productRefGroup = A72EF3A11B85783E007ACFCB /* Products */;
			projectDirPath = "";
			projectRoot = "";
			targets = (
				A72EF39F1B85783E007ACFCB /* Doors */,
			);
		};
/* End PBXProject section */

/* Begin PBXResourcesBuildPhase section */
		A72EF39E1B85783E007ACFCB /* Resources */ = {
			isa = PBXResourcesBuildPhase;
			buildActionMask = 2147483647;
			files = (
				A72EF3AE1B85783E007ACFCB /* LaunchScreen.storyboard in Resources */,
				A72EF3AB1B85783E007ACFCB /* Assets.xcassets in Resources */,
				A72EF3A91B85783E007ACFCB /* Main.storyboard in Resources */,
			);
			runOnlyForDeploymentPostprocessing = 0;
		};
/* End PBXResourcesBuildPhase section */

/* Begin PBXSourcesBuildPhase section */
		A72EF39C1B85783E007ACFCB /* Sources */ = {
			isa = PBXSourcesBuildPhase;
			buildActionMask = 2147483647;
			files = (
				A72EF3BB1B85817C007ACFCB /* ScanTableViewController.swift in Sources */,
				A70469AB1B85A8FC00279B3E /* DeviceTableViewController.swift in Sources */,
				A70469AD1B85B42700279B3E /* RBLProtocol.swift in Sources */,
				A72EF3A41B85783E007ACFCB /* AppDelegate.swift in Sources */,
				A72EF3BD1B858C60007ACFCB /* BLE.swift in Sources */,
			);
			runOnlyForDeploymentPostprocessing = 0;
		};
/* End PBXSourcesBuildPhase section */

/* Begin PBXVariantGroup section */
		A72EF3A71B85783E007ACFCB /* Main.storyboard */ = {
			isa = PBXVariantGroup;
			children = (
				A72EF3A81B85783E007ACFCB /* Base */,
			);
			name = Main.storyboard;
			sourceTree = "<group>";
		};
		A72EF3AC1B85783E007ACFCB /* LaunchScreen.storyboard */ = {
			isa = PBXVariantGroup;
			children = (
				A72EF3AD1B85783E007ACFCB /* Base */,
			);
			name = LaunchScreen.storyboard;
			sourceTree = "<group>";
		};
/* End PBXVariantGroup section */

/* Begin XCBuildConfiguration section */
		A72EF3B01B85783E007ACFCB /* Debug */ = {
			isa = XCBuildConfiguration;
			buildSettings = {
				ALWAYS_SEARCH_USER_PATHS = NO;
				CLANG_CXX_LANGUAGE_STANDARD = "gnu++0x";
				CLANG_CXX_LIBRARY = "libc++";
				CLANG_ENABLE_MODULES = YES;
				CLANG_ENABLE_OBJC_ARC = YES;
				CLANG_WARN_BOOL_CONVERSION = YES;
				CLANG_WARN_CONSTANT_CONVERSION = YES;
				CLANG_WARN_DIRECT_OBJC_ISA_USAGE = YES_ERROR;
				CLANG_WARN_EMPTY_BODY = YES;
				CLANG_WARN_ENUM_CONVERSION = YES;
				CLANG_WARN_INT_CONVERSION = YES;
				CLANG_WARN_OBJC_ROOT_CLASS = YES_ERROR;
				CLANG_WARN_UNREACHABLE_CODE = YES;
				CLANG_WARN__DUPLICATE_METHOD_MATCH = YES;
				"CODE_SIGN_IDENTITY[sdk=iphoneos*]" = "iPhone Developer";
				COPY_PHASE_STRIP = NO;
				DEBUG_INFORMATION_FORMAT = dwarf;
				ENABLE_STRICT_OBJC_MSGSEND = YES;
				ENABLE_TESTABILITY = YES;
				GCC_C_LANGUAGE_STANDARD = gnu99;
				GCC_DYNAMIC_NO_PIC = NO;
				GCC_NO_COMMON_BLOCKS = YES;
				GCC_OPTIMIZATION_LEVEL = 0;
				GCC_PREPROCESSOR_DEFINITIONS = (
					"DEBUG=1",
					"$(inherited)",
				);
				GCC_WARN_64_TO_32_BIT_CONVERSION = YES;
				GCC_WARN_ABOUT_RETURN_TYPE = YES_ERROR;
				GCC_WARN_UNDECLARED_SELECTOR = YES;
				GCC_WARN_UNINITIALIZED_AUTOS = YES_AGGRESSIVE;
				GCC_WARN_UNUSED_FUNCTION = YES;
				GCC_WARN_UNUSED_VARIABLE = YES;
				IPHONEOS_DEPLOYMENT_TARGET = 9.0;
				MTL_ENABLE_DEBUG_INFO = YES;
				ONLY_ACTIVE_ARCH = YES;
				SDKROOT = iphoneos;
				SWIFT_OPTIMIZATION_LEVEL = "-Onone";
			};
			name = Debug;
		};
		A72EF3B11B85783E007ACFCB /* Release */ = {
			isa = XCBuildConfiguration;
			buildSettings = {
				ALWAYS_SEARCH_USER_PATHS = NO;
				CLANG_CXX_LANGUAGE_STANDARD = "gnu++0x";
				CLANG_CXX_LIBRARY = "libc++";
				CLANG_ENABLE_MODULES = YES;
				CLANG_ENABLE_OBJC_ARC = YES;
				CLANG_WARN_BOOL_CONVERSION = YES;
				CLANG_WARN_CONSTANT_CONVERSION = YES;
				CLANG_WARN_DIRECT_OBJC_ISA_USAGE = YES_ERROR;
				CLANG_WARN_EMPTY_BODY = YES;
				CLANG_WARN_ENUM_CONVERSION = YES;
				CLANG_WARN_INT_CONVERSION = YES;
				CLANG_WARN_OBJC_ROOT_CLASS = YES_ERROR;
				CLANG_WARN_UNREACHABLE_CODE = YES;
				CLANG_WARN__DUPLICATE_METHOD_MATCH = YES;
				"CODE_SIGN_IDENTITY[sdk=iphoneos*]" = "iPhone Developer";
				COPY_PHASE_STRIP = NO;
				DEBUG_INFORMATION_FORMAT = "dwarf-with-dsym";
				ENABLE_NS_ASSERTIONS = NO;
				ENABLE_STRICT_OBJC_MSGSEND = YES;
				GCC_C_LANGUAGE_STANDARD = gnu99;
				GCC_NO_COMMON_BLOCKS = YES;
				GCC_WARN_64_TO_32_BIT_CONVERSION = YES;
				GCC_WARN_ABOUT_RETURN_TYPE = YES_ERROR;
				GCC_WARN_UNDECLARED_SELECTOR = YES;
				GCC_WARN_UNINITIALIZED_AUTOS = YES_AGGRESSIVE;
				GCC_WARN_UNUSED_FUNCTION = YES;
				GCC_WARN_UNUSED_VARIABLE = YES;
				IPHONEOS_DEPLOYMENT_TARGET = 9.0;
				MTL_ENABLE_DEBUG_INFO = NO;
				SDKROOT = iphoneos;
				VALIDATE_PRODUCT = YES;
			};
			name = Release;
		};
		A72EF3B31B85783E007ACFCB /* Debug */ = {
			isa = XCBuildConfiguration;
			buildSettings = {
				ASSETCATALOG_COMPILER_APPICON_NAME = AppIcon;
				CODE_SIGN_IDENTITY = "iPhone Developer";
				"CODE_SIGN_IDENTITY[sdk=iphoneos*]" = "iPhone Developer";
				INFOPLIST_FILE = Doors/Info.plist;
				LD_RUNPATH_SEARCH_PATHS = "$(inherited) @executable_path/Frameworks";
				PRODUCT_BUNDLE_IDENTIFIER = io.codetalk.Doors;
				PRODUCT_NAME = Doors;
				PROVISIONING_PROFILE = "";
			};
			name = Debug;
		};
		A72EF3B41B85783E007ACFCB /* Release */ = {
			isa = XCBuildConfiguration;
			buildSettings = {
				ASSETCATALOG_COMPILER_APPICON_NAME = AppIcon;
				CODE_SIGN_IDENTITY = "iPhone Developer";
				"CODE_SIGN_IDENTITY[sdk=iphoneos*]" = "iPhone Developer";
				INFOPLIST_FILE = Doors/Info.plist;
				LD_RUNPATH_SEARCH_PATHS = "$(inherited) @executable_path/Frameworks";
				PRODUCT_BUNDLE_IDENTIFIER = io.codetalk.Doors;
				PRODUCT_NAME = Doors;
				PROVISIONING_PROFILE = "";
			};
			name = Release;
		};
/* End XCBuildConfiguration section */

/* Begin XCConfigurationList section */
		A72EF39B1B85783E007ACFCB /* Build configuration list for PBXProject "Doors" */ = {
			isa = XCConfigurationList;
			buildConfigurations = (
				A72EF3B01B85783E007ACFCB /* Debug */,
				A72EF3B11B85783E007ACFCB /* Release */,
			);
			defaultConfigurationIsVisible = 0;
			defaultConfigurationName = Release;
		};
		A72EF3B21B85783E007ACFCB /* Build configuration list for PBXNativeTarget "Doors" */ = {
			isa = XCConfigurationList;
			buildConfigurations = (
				A72EF3B31B85783E007ACFCB /* Debug */,
				A72EF3B41B85783E007ACFCB /* Release */,
			);
			defaultConfigurationIsVisible = 0;
			defaultConfigurationName = Release;
		};
/* End XCConfigurationList section */
	};
	rootObject = A72EF3981B85783E007ACFCB /* Project object */;
}
